// !$*UTF8*$!
{
	archiveVersion = 1;
	classes = {
	};
	objectVersion = 56;
	objects = {

/* Begin PBXBuildFile section */
		406387C82B58C56D00B72D1B /* FirebaseAuth in Frameworks */ = {isa = PBXBuildFile; productRef = 406387C72B58C56D00B72D1B /* FirebaseAuth */; };
		406387CA2B58C56D00B72D1B /* FirebaseDatabase in Frameworks */ = {isa = PBXBuildFile; productRef = 406387C92B58C56D00B72D1B /* FirebaseDatabase */; };
		406387CC2B58C56D00B72D1B /* FirebaseFirestore in Frameworks */ = {isa = PBXBuildFile; productRef = 406387CB2B58C56D00B72D1B /* FirebaseFirestore */; };
		406387CE2B58C56D00B72D1B /* FirebaseFirestoreSwift in Frameworks */ = {isa = PBXBuildFile; productRef = 406387CD2B58C56D00B72D1B /* FirebaseFirestoreSwift */; };
		406387D12B58C66D00B72D1B /* GoogleSignIn in Frameworks */ = {isa = PBXBuildFile; productRef = 406387D02B58C66D00B72D1B /* GoogleSignIn */; };
		406387D32B58C66D00B72D1B /* GoogleSignInSwift in Frameworks */ = {isa = PBXBuildFile; productRef = 406387D22B58C66D00B72D1B /* GoogleSignInSwift */; };
		406387D52B58C72500B72D1B /* User.swift in Sources */ = {isa = PBXBuildFile; fileRef = 406387D42B58C72500B72D1B /* User.swift */; };
		406387E72B59BF7800B72D1B /* README.md in Resources */ = {isa = PBXBuildFile; fileRef = 406387E62B59BF7800B72D1B /* README.md */; };
		4072C5422B5B53FD0012202C /* DashboardView.swift in Sources */ = {isa = PBXBuildFile; fileRef = 406387DF2B58C85D00B72D1B /* DashboardView.swift */; };
		4072C5432B5B53FD0012202C /* ProfileView.swift in Sources */ = {isa = PBXBuildFile; fileRef = 406387E12B58C85D00B72D1B /* ProfileView.swift */; };
		4072C5442B5B53FD0012202C /* LoginView.swift in Sources */ = {isa = PBXBuildFile; fileRef = 406387E42B58C85D00B72D1B /* LoginView.swift */; };
		4072C5452B5B53FD0012202C /* CardView.swift in Sources */ = {isa = PBXBuildFile; fileRef = 406387E32B58C85D00B72D1B /* CardView.swift */; };
		4072C5462B5B53FD0012202C /* SetTrackView.swift in Sources */ = {isa = PBXBuildFile; fileRef = 406387E02B58C85D00B72D1B /* SetTrackView.swift */; };
		4072C5472B5B53FD0012202C /* AccountView.swift in Sources */ = {isa = PBXBuildFile; fileRef = 406387E52B58C85D00B72D1B /* AccountView.swift */; };
		4072C5482B5B53FD0012202C /* WorkoutsView.swift in Sources */ = {isa = PBXBuildFile; fileRef = 406387E22B58C85D00B72D1B /* WorkoutsView.swift */; };
		4072C54D2B5B541F0012202C /* AuthManager.swift in Sources */ = {isa = PBXBuildFile; fileRef = 4072C54B2B5B541F0012202C /* AuthManager.swift */; };
		4072C54E2B5B541F0012202C /* FirebaseStore.swift in Sources */ = {isa = PBXBuildFile; fileRef = 4072C5492B5B541E0012202C /* FirebaseStore.swift */; };
		4072C54F2B5B541F0012202C /* GoogleSignInManager.swift in Sources */ = {isa = PBXBuildFile; fileRef = 4072C54C2B5B541F0012202C /* GoogleSignInManager.swift */; };
		4072C5502B5B541F0012202C /* LocalStore.swift in Sources */ = {isa = PBXBuildFile; fileRef = 4072C54A2B5B541F0012202C /* LocalStore.swift */; };
		407C63C02B608A990079CF28 /* WeatherView.swift in Sources */ = {isa = PBXBuildFile; fileRef = 407C63BF2B608A990079CF28 /* WeatherView.swift */; };
		407C63C22B6090D80079CF28 /* TabItem.swift in Sources */ = {isa = PBXBuildFile; fileRef = 407C63C12B6090D80079CF28 /* TabItem.swift */; };
		408491522B5868B300F42274 /* FirstTracksApp.swift in Sources */ = {isa = PBXBuildFile; fileRef = 408491512B5868B300F42274 /* FirstTracksApp.swift */; };
		408491542B5868B300F42274 /* ContentView.swift in Sources */ = {isa = PBXBuildFile; fileRef = 408491532B5868B300F42274 /* ContentView.swift */; };
		408491562B5868B400F42274 /* Assets.xcassets in Resources */ = {isa = PBXBuildFile; fileRef = 408491552B5868B400F42274 /* Assets.xcassets */; };
		4084915A2B5868B400F42274 /* Preview Assets.xcassets in Resources */ = {isa = PBXBuildFile; fileRef = 408491592B5868B400F42274 /* Preview Assets.xcassets */; };
		408491642B5868B400F42274 /* FirstTracksTests.swift in Sources */ = {isa = PBXBuildFile; fileRef = 408491632B5868B400F42274 /* FirstTracksTests.swift */; };
		4084916E2B5868B400F42274 /* FirstTracksUITests.swift in Sources */ = {isa = PBXBuildFile; fileRef = 4084916D2B5868B400F42274 /* FirstTracksUITests.swift */; };
		408491702B5868B400F42274 /* FirstTracksUITestsLaunchTests.swift in Sources */ = {isa = PBXBuildFile; fileRef = 4084916F2B5868B400F42274 /* FirstTracksUITestsLaunchTests.swift */; };
		40CEAA0C2B9AD71200679C62 /* SkiTrack.swift in Sources */ = {isa = PBXBuildFile; fileRef = 40CEAA0B2B9AD71200679C62 /* SkiTrack.swift */; };
		40CEAA0E2B9AE62700679C62 /* CardStack.swift in Sources */ = {isa = PBXBuildFile; fileRef = 40CEAA0D2B9AE62700679C62 /* CardStack.swift */; };
		9FA22B262B62EB12001551CE /* GoogleService-Info.plist in Resources */ = {isa = PBXBuildFile; fileRef = 9FA22B252B62EB12001551CE /* GoogleService-Info.plist */; };
/* End PBXBuildFile section */

/* Begin PBXContainerItemProxy section */
		408491602B5868B400F42274 /* PBXContainerItemProxy */ = {
			isa = PBXContainerItemProxy;
			containerPortal = 408491462B5868B300F42274 /* Project object */;
			proxyType = 1;
			remoteGlobalIDString = 4084914D2B5868B300F42274;
			remoteInfo = FirstTracks;
		};
		4084916A2B5868B400F42274 /* PBXContainerItemProxy */ = {
			isa = PBXContainerItemProxy;
			containerPortal = 408491462B5868B300F42274 /* Project object */;
			proxyType = 1;
			remoteGlobalIDString = 4084914D2B5868B300F42274;
			remoteInfo = FirstTracks;
		};
/* End PBXContainerItemProxy section */

/* Begin PBXFileReference section */
		406387D42B58C72500B72D1B /* User.swift */ = {isa = PBXFileReference; fileEncoding = 4; lastKnownFileType = sourcecode.swift; path = User.swift; sourceTree = "<group>"; };
		406387DF2B58C85D00B72D1B /* DashboardView.swift */ = {isa = PBXFileReference; lastKnownFileType = sourcecode.swift; path = DashboardView.swift; sourceTree = "<group>"; };
		406387E02B58C85D00B72D1B /* SetTrackView.swift */ = {isa = PBXFileReference; lastKnownFileType = sourcecode.swift; path = SetTrackView.swift; sourceTree = "<group>"; };
		406387E12B58C85D00B72D1B /* ProfileView.swift */ = {isa = PBXFileReference; lastKnownFileType = sourcecode.swift; path = ProfileView.swift; sourceTree = "<group>"; };
		406387E22B58C85D00B72D1B /* WorkoutsView.swift */ = {isa = PBXFileReference; lastKnownFileType = sourcecode.swift; path = WorkoutsView.swift; sourceTree = "<group>"; };
		406387E32B58C85D00B72D1B /* CardView.swift */ = {isa = PBXFileReference; lastKnownFileType = sourcecode.swift; path = CardView.swift; sourceTree = "<group>"; };
		406387E42B58C85D00B72D1B /* LoginView.swift */ = {isa = PBXFileReference; lastKnownFileType = sourcecode.swift; path = LoginView.swift; sourceTree = "<group>"; };
		406387E52B58C85D00B72D1B /* AccountView.swift */ = {isa = PBXFileReference; lastKnownFileType = sourcecode.swift; path = AccountView.swift; sourceTree = "<group>"; };
		406387E62B59BF7800B72D1B /* README.md */ = {isa = PBXFileReference; fileEncoding = 4; lastKnownFileType = net.daringfireball.markdown; path = README.md; sourceTree = SOURCE_ROOT; };
		4072C5492B5B541E0012202C /* FirebaseStore.swift */ = {isa = PBXFileReference; lastKnownFileType = sourcecode.swift; path = FirebaseStore.swift; sourceTree = "<group>"; };
		4072C54A2B5B541F0012202C /* LocalStore.swift */ = {isa = PBXFileReference; lastKnownFileType = sourcecode.swift; path = LocalStore.swift; sourceTree = "<group>"; };
		4072C54B2B5B541F0012202C /* AuthManager.swift */ = {isa = PBXFileReference; lastKnownFileType = sourcecode.swift; path = AuthManager.swift; sourceTree = "<group>"; };
		4072C54C2B5B541F0012202C /* GoogleSignInManager.swift */ = {isa = PBXFileReference; lastKnownFileType = sourcecode.swift; path = GoogleSignInManager.swift; sourceTree = "<group>"; };
		407C63BF2B608A990079CF28 /* WeatherView.swift */ = {isa = PBXFileReference; lastKnownFileType = sourcecode.swift; path = WeatherView.swift; sourceTree = "<group>"; };
		407C63C12B6090D80079CF28 /* TabItem.swift */ = {isa = PBXFileReference; lastKnownFileType = sourcecode.swift; path = TabItem.swift; sourceTree = "<group>"; };
		4084914E2B5868B300F42274 /* FirstTracks.app */ = {isa = PBXFileReference; explicitFileType = wrapper.application; includeInIndex = 0; path = FirstTracks.app; sourceTree = BUILT_PRODUCTS_DIR; };
		408491512B5868B300F42274 /* FirstTracksApp.swift */ = {isa = PBXFileReference; lastKnownFileType = sourcecode.swift; path = FirstTracksApp.swift; sourceTree = "<group>"; };
		408491532B5868B300F42274 /* ContentView.swift */ = {isa = PBXFileReference; lastKnownFileType = sourcecode.swift; path = ContentView.swift; sourceTree = "<group>"; };
		408491552B5868B400F42274 /* Assets.xcassets */ = {isa = PBXFileReference; lastKnownFileType = folder.assetcatalog; path = Assets.xcassets; sourceTree = "<group>"; };
		408491572B5868B400F42274 /* FirstTracks.entitlements */ = {isa = PBXFileReference; lastKnownFileType = text.plist.entitlements; path = FirstTracks.entitlements; sourceTree = "<group>"; };
		408491592B5868B400F42274 /* Preview Assets.xcassets */ = {isa = PBXFileReference; lastKnownFileType = folder.assetcatalog; path = "Preview Assets.xcassets"; sourceTree = "<group>"; };
		4084915F2B5868B400F42274 /* FirstTracksTests.xctest */ = {isa = PBXFileReference; explicitFileType = wrapper.cfbundle; includeInIndex = 0; path = FirstTracksTests.xctest; sourceTree = BUILT_PRODUCTS_DIR; };
		408491632B5868B400F42274 /* FirstTracksTests.swift */ = {isa = PBXFileReference; lastKnownFileType = sourcecode.swift; path = FirstTracksTests.swift; sourceTree = "<group>"; };
		408491692B5868B400F42274 /* FirstTracksUITests.xctest */ = {isa = PBXFileReference; explicitFileType = wrapper.cfbundle; includeInIndex = 0; path = FirstTracksUITests.xctest; sourceTree = BUILT_PRODUCTS_DIR; };
		4084916D2B5868B400F42274 /* FirstTracksUITests.swift */ = {isa = PBXFileReference; lastKnownFileType = sourcecode.swift; path = FirstTracksUITests.swift; sourceTree = "<group>"; };
		4084916F2B5868B400F42274 /* FirstTracksUITestsLaunchTests.swift */ = {isa = PBXFileReference; lastKnownFileType = sourcecode.swift; path = FirstTracksUITestsLaunchTests.swift; sourceTree = "<group>"; };
		40CEAA0B2B9AD71200679C62 /* SkiTrack.swift */ = {isa = PBXFileReference; lastKnownFileType = sourcecode.swift; path = SkiTrack.swift; sourceTree = "<group>"; };
		40CEAA0D2B9AE62700679C62 /* CardStack.swift */ = {isa = PBXFileReference; lastKnownFileType = sourcecode.swift; path = CardStack.swift; sourceTree = "<group>"; };
		9FA22B252B62EB12001551CE /* GoogleService-Info.plist */ = {isa = PBXFileReference; fileEncoding = 4; lastKnownFileType = text.plist.xml; path = "GoogleService-Info.plist"; sourceTree = "<group>"; };
		9FA22B292B62ECE6001551CE /* Info.plist */ = {isa = PBXFileReference; lastKnownFileType = text.plist; path = Info.plist; sourceTree = "<group>"; };
/* End PBXFileReference section */

/* Begin PBXFrameworksBuildPhase section */
		4084914B2B5868B300F42274 /* Frameworks */ = {
			isa = PBXFrameworksBuildPhase;
			buildActionMask = 2147483647;
			files = (
				406387D12B58C66D00B72D1B /* GoogleSignIn in Frameworks */,
				406387CA2B58C56D00B72D1B /* FirebaseDatabase in Frameworks */,
				406387C82B58C56D00B72D1B /* FirebaseAuth in Frameworks */,
				406387D32B58C66D00B72D1B /* GoogleSignInSwift in Frameworks */,
				406387CC2B58C56D00B72D1B /* FirebaseFirestore in Frameworks */,
				406387CE2B58C56D00B72D1B /* FirebaseFirestoreSwift in Frameworks */,
			);
			runOnlyForDeploymentPostprocessing = 0;
		};
		4084915C2B5868B400F42274 /* Frameworks */ = {
			isa = PBXFrameworksBuildPhase;
			buildActionMask = 2147483647;
			files = (
			);
			runOnlyForDeploymentPostprocessing = 0;
		};
		408491662B5868B400F42274 /* Frameworks */ = {
			isa = PBXFrameworksBuildPhase;
			buildActionMask = 2147483647;
			files = (
			);
			runOnlyForDeploymentPostprocessing = 0;
		};
/* End PBXFrameworksBuildPhase section */

/* Begin PBXGroup section */
		4072C5512B5B58C30012202C /* Views */ = {
			isa = PBXGroup;
			children = (
				407C63BE2B608A7B0079CF28 /* Shared */,
				406387DF2B58C85D00B72D1B /* DashboardView.swift */,
				406387E02B58C85D00B72D1B /* SetTrackView.swift */,
				406387E12B58C85D00B72D1B /* ProfileView.swift */,
				406387E22B58C85D00B72D1B /* WorkoutsView.swift */,
				406387E42B58C85D00B72D1B /* LoginView.swift */,
				406387E52B58C85D00B72D1B /* AccountView.swift */,
			);
			path = Views;
			sourceTree = "<group>";
		};
		4072C5532B5B59090012202C /* State */ = {
			isa = PBXGroup;
			children = (
				4072C54B2B5B541F0012202C /* AuthManager.swift */,
				4072C5492B5B541E0012202C /* FirebaseStore.swift */,
				4072C54C2B5B541F0012202C /* GoogleSignInManager.swift */,
				4072C54A2B5B541F0012202C /* LocalStore.swift */,
			);
			path = State;
			sourceTree = "<group>";
		};
		4072C5542B5B59120012202C /* Models */ = {
			isa = PBXGroup;
			children = (
				406387D42B58C72500B72D1B /* User.swift */,
				40CEAA0B2B9AD71200679C62 /* SkiTrack.swift */,
			);
			path = Models;
			sourceTree = "<group>";
		};
		407C63BE2B608A7B0079CF28 /* Shared */ = {
			isa = PBXGroup;
			children = (
				406387E32B58C85D00B72D1B /* CardView.swift */,
				407C63BF2B608A990079CF28 /* WeatherView.swift */,
				40CEAA0D2B9AE62700679C62 /* CardStack.swift */,
			);
			path = Shared;
			sourceTree = "<group>";
		};
		407C63C32B60920B0079CF28 /* Protocols */ = {
			isa = PBXGroup;
			children = (
			);
			path = Protocols;
			sourceTree = "<group>";
		};
		408491452B5868B300F42274 = {
			isa = PBXGroup;
			children = (
				9FA22B252B62EB12001551CE /* GoogleService-Info.plist */,
				406387E62B59BF7800B72D1B /* README.md */,
				408491502B5868B300F42274 /* FirstTracks */,
				408491622B5868B400F42274 /* FirstTracksTests */,
				4084916C2B5868B400F42274 /* FirstTracksUITests */,
				4084914F2B5868B300F42274 /* Products */,
			);
			sourceTree = "<group>";
		};
		4084914F2B5868B300F42274 /* Products */ = {
			isa = PBXGroup;
			children = (
				4084914E2B5868B300F42274 /* FirstTracks.app */,
				4084915F2B5868B400F42274 /* FirstTracksTests.xctest */,
				408491692B5868B400F42274 /* FirstTracksUITests.xctest */,
			);
			name = Products;
			sourceTree = "<group>";
		};
		408491502B5868B300F42274 /* FirstTracks */ = {
			isa = PBXGroup;
			children = (
				9FA22B292B62ECE6001551CE /* Info.plist */,
				407C63C32B60920B0079CF28 /* Protocols */,
				4072C5532B5B59090012202C /* State */,
				4072C5542B5B59120012202C /* Models */,
				4072C5512B5B58C30012202C /* Views */,
				408491512B5868B300F42274 /* FirstTracksApp.swift */,
				408491532B5868B300F42274 /* ContentView.swift */,
				408491552B5868B400F42274 /* Assets.xcassets */,
				408491572B5868B400F42274 /* FirstTracks.entitlements */,
				408491582B5868B400F42274 /* Preview Content */,
				407C63C12B6090D80079CF28 /* TabItem.swift */,
			);
			path = FirstTracks;
			sourceTree = "<group>";
		};
		408491582B5868B400F42274 /* Preview Content */ = {
			isa = PBXGroup;
			children = (
				408491592B5868B400F42274 /* Preview Assets.xcassets */,
			);
			path = "Preview Content";
			sourceTree = "<group>";
		};
		408491622B5868B400F42274 /* FirstTracksTests */ = {
			isa = PBXGroup;
			children = (
				408491632B5868B400F42274 /* FirstTracksTests.swift */,
			);
			path = FirstTracksTests;
			sourceTree = "<group>";
		};
		4084916C2B5868B400F42274 /* FirstTracksUITests */ = {
			isa = PBXGroup;
			children = (
				4084916D2B5868B400F42274 /* FirstTracksUITests.swift */,
				4084916F2B5868B400F42274 /* FirstTracksUITestsLaunchTests.swift */,
			);
			path = FirstTracksUITests;
			sourceTree = "<group>";
		};
/* End PBXGroup section */

/* Begin PBXNativeTarget section */
		4084914D2B5868B300F42274 /* FirstTracks */ = {
			isa = PBXNativeTarget;
			buildConfigurationList = 408491732B5868B400F42274 /* Build configuration list for PBXNativeTarget "FirstTracks" */;
			buildPhases = (
				4084914A2B5868B300F42274 /* Sources */,
				4084914B2B5868B300F42274 /* Frameworks */,
				4084914C2B5868B300F42274 /* Resources */,
			);
			buildRules = (
			);
			dependencies = (
			);
			name = FirstTracks;
			packageProductDependencies = (
				406387C72B58C56D00B72D1B /* FirebaseAuth */,
				406387C92B58C56D00B72D1B /* FirebaseDatabase */,
				406387CB2B58C56D00B72D1B /* FirebaseFirestore */,
				406387CD2B58C56D00B72D1B /* FirebaseFirestoreSwift */,
				406387D02B58C66D00B72D1B /* GoogleSignIn */,
				406387D22B58C66D00B72D1B /* GoogleSignInSwift */,
			);
			productName = FirstTracks;
			productReference = 4084914E2B5868B300F42274 /* FirstTracks.app */;
			productType = "com.apple.product-type.application";
		};
		4084915E2B5868B400F42274 /* FirstTracksTests */ = {
			isa = PBXNativeTarget;
			buildConfigurationList = 408491762B5868B400F42274 /* Build configuration list for PBXNativeTarget "FirstTracksTests" */;
			buildPhases = (
				4084915B2B5868B400F42274 /* Sources */,
				4084915C2B5868B400F42274 /* Frameworks */,
				4084915D2B5868B400F42274 /* Resources */,
			);
			buildRules = (
			);
			dependencies = (
				408491612B5868B400F42274 /* PBXTargetDependency */,
			);
			name = FirstTracksTests;
			productName = FirstTracksTests;
			productReference = 4084915F2B5868B400F42274 /* FirstTracksTests.xctest */;
			productType = "com.apple.product-type.bundle.unit-test";
		};
		408491682B5868B400F42274 /* FirstTracksUITests */ = {
			isa = PBXNativeTarget;
			buildConfigurationList = 408491792B5868B400F42274 /* Build configuration list for PBXNativeTarget "FirstTracksUITests" */;
			buildPhases = (
				408491652B5868B400F42274 /* Sources */,
				408491662B5868B400F42274 /* Frameworks */,
				408491672B5868B400F42274 /* Resources */,
			);
			buildRules = (
			);
			dependencies = (
				4084916B2B5868B400F42274 /* PBXTargetDependency */,
			);
			name = FirstTracksUITests;
			productName = FirstTracksUITests;
			productReference = 408491692B5868B400F42274 /* FirstTracksUITests.xctest */;
			productType = "com.apple.product-type.bundle.ui-testing";
		};
/* End PBXNativeTarget section */

/* Begin PBXProject section */
		408491462B5868B300F42274 /* Project object */ = {
			isa = PBXProject;
			attributes = {
				BuildIndependentTargetsInParallel = 1;
				LastSwiftUpdateCheck = 1500;
				LastUpgradeCheck = 1500;
				TargetAttributes = {
					4084914D2B5868B300F42274 = {
						CreatedOnToolsVersion = 15.0;
					};
					4084915E2B5868B400F42274 = {
						CreatedOnToolsVersion = 15.0;
						TestTargetID = 4084914D2B5868B300F42274;
					};
					408491682B5868B400F42274 = {
						CreatedOnToolsVersion = 15.0;
						TestTargetID = 4084914D2B5868B300F42274;
					};
				};
			};
			buildConfigurationList = 408491492B5868B300F42274 /* Build configuration list for PBXProject "FirstTracks" */;
			compatibilityVersion = "Xcode 14.0";
			developmentRegion = en;
			hasScannedForEncodings = 0;
			knownRegions = (
				en,
				Base,
			);
			mainGroup = 408491452B5868B300F42274;
			packageReferences = (
				406387C62B58C56D00B72D1B /* XCRemoteSwiftPackageReference "firebase-ios-sdk" */,
				406387CF2B58C66D00B72D1B /* XCRemoteSwiftPackageReference "GoogleSignIn-iOS" */,
			);
			productRefGroup = 4084914F2B5868B300F42274 /* Products */;
			projectDirPath = "";
			projectRoot = "";
			targets = (
				4084914D2B5868B300F42274 /* FirstTracks */,
				4084915E2B5868B400F42274 /* FirstTracksTests */,
				408491682B5868B400F42274 /* FirstTracksUITests */,
			);
		};
/* End PBXProject section */

/* Begin PBXResourcesBuildPhase section */
		4084914C2B5868B300F42274 /* Resources */ = {
			isa = PBXResourcesBuildPhase;
			buildActionMask = 2147483647;
			files = (
				4084915A2B5868B400F42274 /* Preview Assets.xcassets in Resources */,
				406387E72B59BF7800B72D1B /* README.md in Resources */,
				408491562B5868B400F42274 /* Assets.xcassets in Resources */,
				9FA22B262B62EB12001551CE /* GoogleService-Info.plist in Resources */,
			);
			runOnlyForDeploymentPostprocessing = 0;
		};
		4084915D2B5868B400F42274 /* Resources */ = {
			isa = PBXResourcesBuildPhase;
			buildActionMask = 2147483647;
			files = (
			);
			runOnlyForDeploymentPostprocessing = 0;
		};
		408491672B5868B400F42274 /* Resources */ = {
			isa = PBXResourcesBuildPhase;
			buildActionMask = 2147483647;
			files = (
			);
			runOnlyForDeploymentPostprocessing = 0;
		};
/* End PBXResourcesBuildPhase section */

/* Begin PBXSourcesBuildPhase section */
		4084914A2B5868B300F42274 /* Sources */ = {
			isa = PBXSourcesBuildPhase;
			buildActionMask = 2147483647;
			files = (
				407C63C02B608A990079CF28 /* WeatherView.swift in Sources */,
				4072C5452B5B53FD0012202C /* CardView.swift in Sources */,
				4072C5502B5B541F0012202C /* LocalStore.swift in Sources */,
				4072C5462B5B53FD0012202C /* SetTrackView.swift in Sources */,
				4072C5442B5B53FD0012202C /* LoginView.swift in Sources */,
				408491542B5868B300F42274 /* ContentView.swift in Sources */,
				4072C54F2B5B541F0012202C /* GoogleSignInManager.swift in Sources */,
				4072C54E2B5B541F0012202C /* FirebaseStore.swift in Sources */,
				40CEAA0E2B9AE62700679C62 /* CardStack.swift in Sources */,
				4072C5422B5B53FD0012202C /* DashboardView.swift in Sources */,
				40CEAA0C2B9AD71200679C62 /* SkiTrack.swift in Sources */,
				4072C5432B5B53FD0012202C /* ProfileView.swift in Sources */,
				407C63C22B6090D80079CF28 /* TabItem.swift in Sources */,
				4072C5482B5B53FD0012202C /* WorkoutsView.swift in Sources */,
				4072C5472B5B53FD0012202C /* AccountView.swift in Sources */,
				4072C54D2B5B541F0012202C /* AuthManager.swift in Sources */,
				408491522B5868B300F42274 /* FirstTracksApp.swift in Sources */,
				406387D52B58C72500B72D1B /* User.swift in Sources */,
			);
			runOnlyForDeploymentPostprocessing = 0;
		};
		4084915B2B5868B400F42274 /* Sources */ = {
			isa = PBXSourcesBuildPhase;
			buildActionMask = 2147483647;
			files = (
				408491642B5868B400F42274 /* FirstTracksTests.swift in Sources */,
			);
			runOnlyForDeploymentPostprocessing = 0;
		};
		408491652B5868B400F42274 /* Sources */ = {
			isa = PBXSourcesBuildPhase;
			buildActionMask = 2147483647;
			files = (
				4084916E2B5868B400F42274 /* FirstTracksUITests.swift in Sources */,
				408491702B5868B400F42274 /* FirstTracksUITestsLaunchTests.swift in Sources */,
			);
			runOnlyForDeploymentPostprocessing = 0;
		};
/* End PBXSourcesBuildPhase section */

/* Begin PBXTargetDependency section */
		408491612B5868B400F42274 /* PBXTargetDependency */ = {
			isa = PBXTargetDependency;
			target = 4084914D2B5868B300F42274 /* FirstTracks */;
			targetProxy = 408491602B5868B400F42274 /* PBXContainerItemProxy */;
		};
		4084916B2B5868B400F42274 /* PBXTargetDependency */ = {
			isa = PBXTargetDependency;
			target = 4084914D2B5868B300F42274 /* FirstTracks */;
			targetProxy = 4084916A2B5868B400F42274 /* PBXContainerItemProxy */;
		};
/* End PBXTargetDependency section */

/* Begin XCBuildConfiguration section */
		408491712B5868B400F42274 /* Debug */ = {
			isa = XCBuildConfiguration;
			buildSettings = {
				ALWAYS_SEARCH_USER_PATHS = NO;
				ASSETCATALOG_COMPILER_GENERATE_SWIFT_ASSET_SYMBOL_EXTENSIONS = YES;
				CLANG_ANALYZER_NONNULL = YES;
				CLANG_ANALYZER_NUMBER_OBJECT_CONVERSION = YES_AGGRESSIVE;
				CLANG_CXX_LANGUAGE_STANDARD = "gnu++20";
				CLANG_ENABLE_MODULES = YES;
				CLANG_ENABLE_OBJC_ARC = YES;
				CLANG_ENABLE_OBJC_WEAK = YES;
				CLANG_WARN_BLOCK_CAPTURE_AUTORELEASING = YES;
				CLANG_WARN_BOOL_CONVERSION = YES;
				CLANG_WARN_COMMA = YES;
				CLANG_WARN_CONSTANT_CONVERSION = YES;
				CLANG_WARN_DEPRECATED_OBJC_IMPLEMENTATIONS = YES;
				CLANG_WARN_DIRECT_OBJC_ISA_USAGE = YES_ERROR;
				CLANG_WARN_DOCUMENTATION_COMMENTS = YES;
				CLANG_WARN_EMPTY_BODY = YES;
				CLANG_WARN_ENUM_CONVERSION = YES;
				CLANG_WARN_INFINITE_RECURSION = YES;
				CLANG_WARN_INT_CONVERSION = YES;
				CLANG_WARN_NON_LITERAL_NULL_CONVERSION = YES;
				CLANG_WARN_OBJC_IMPLICIT_RETAIN_SELF = YES;
				CLANG_WARN_OBJC_LITERAL_CONVERSION = YES;
				CLANG_WARN_OBJC_ROOT_CLASS = YES_ERROR;
				CLANG_WARN_QUOTED_INCLUDE_IN_FRAMEWORK_HEADER = YES;
				CLANG_WARN_RANGE_LOOP_ANALYSIS = YES;
				CLANG_WARN_STRICT_PROTOTYPES = YES;
				CLANG_WARN_SUSPICIOUS_MOVE = YES;
				CLANG_WARN_UNGUARDED_AVAILABILITY = YES_AGGRESSIVE;
				CLANG_WARN_UNREACHABLE_CODE = YES;
				CLANG_WARN__DUPLICATE_METHOD_MATCH = YES;
				COPY_PHASE_STRIP = NO;
				DEBUG_INFORMATION_FORMAT = dwarf;
				ENABLE_STRICT_OBJC_MSGSEND = YES;
				ENABLE_TESTABILITY = YES;
				ENABLE_USER_SCRIPT_SANDBOXING = YES;
				GCC_C_LANGUAGE_STANDARD = gnu17;
				GCC_DYNAMIC_NO_PIC = NO;
				GCC_NO_COMMON_BLOCKS = YES;
				GCC_OPTIMIZATION_LEVEL = 0;
				GCC_PREPROCESSOR_DEFINITIONS = (
					"DEBUG=1",
					"$(inherited)",
				);
				GCC_WARN_64_TO_32_BIT_CONVERSION = YES;
				GCC_WARN_ABOUT_RETURN_TYPE = YES_ERROR;
				GCC_WARN_UNDECLARED_SELECTOR = YES;
				GCC_WARN_UNINITIALIZED_AUTOS = YES_AGGRESSIVE;
				GCC_WARN_UNUSED_FUNCTION = YES;
				GCC_WARN_UNUSED_VARIABLE = YES;
				LOCALIZATION_PREFERS_STRING_CATALOGS = YES;
				MTL_ENABLE_DEBUG_INFO = INCLUDE_SOURCE;
				MTL_FAST_MATH = YES;
				ONLY_ACTIVE_ARCH = YES;
				SWIFT_ACTIVE_COMPILATION_CONDITIONS = "DEBUG $(inherited)";
				SWIFT_OPTIMIZATION_LEVEL = "-Onone";
			};
			name = Debug;
		};
		408491722B5868B400F42274 /* Release */ = {
			isa = XCBuildConfiguration;
			buildSettings = {
				ALWAYS_SEARCH_USER_PATHS = NO;
				ASSETCATALOG_COMPILER_GENERATE_SWIFT_ASSET_SYMBOL_EXTENSIONS = YES;
				CLANG_ANALYZER_NONNULL = YES;
				CLANG_ANALYZER_NUMBER_OBJECT_CONVERSION = YES_AGGRESSIVE;
				CLANG_CXX_LANGUAGE_STANDARD = "gnu++20";
				CLANG_ENABLE_MODULES = YES;
				CLANG_ENABLE_OBJC_ARC = YES;
				CLANG_ENABLE_OBJC_WEAK = YES;
				CLANG_WARN_BLOCK_CAPTURE_AUTORELEASING = YES;
				CLANG_WARN_BOOL_CONVERSION = YES;
				CLANG_WARN_COMMA = YES;
				CLANG_WARN_CONSTANT_CONVERSION = YES;
				CLANG_WARN_DEPRECATED_OBJC_IMPLEMENTATIONS = YES;
				CLANG_WARN_DIRECT_OBJC_ISA_USAGE = YES_ERROR;
				CLANG_WARN_DOCUMENTATION_COMMENTS = YES;
				CLANG_WARN_EMPTY_BODY = YES;
				CLANG_WARN_ENUM_CONVERSION = YES;
				CLANG_WARN_INFINITE_RECURSION = YES;
				CLANG_WARN_INT_CONVERSION = YES;
				CLANG_WARN_NON_LITERAL_NULL_CONVERSION = YES;
				CLANG_WARN_OBJC_IMPLICIT_RETAIN_SELF = YES;
				CLANG_WARN_OBJC_LITERAL_CONVERSION = YES;
				CLANG_WARN_OBJC_ROOT_CLASS = YES_ERROR;
				CLANG_WARN_QUOTED_INCLUDE_IN_FRAMEWORK_HEADER = YES;
				CLANG_WARN_RANGE_LOOP_ANALYSIS = YES;
				CLANG_WARN_STRICT_PROTOTYPES = YES;
				CLANG_WARN_SUSPICIOUS_MOVE = YES;
				CLANG_WARN_UNGUARDED_AVAILABILITY = YES_AGGRESSIVE;
				CLANG_WARN_UNREACHABLE_CODE = YES;
				CLANG_WARN__DUPLICATE_METHOD_MATCH = YES;
				COPY_PHASE_STRIP = NO;
				DEBUG_INFORMATION_FORMAT = "dwarf-with-dsym";
				ENABLE_NS_ASSERTIONS = NO;
				ENABLE_STRICT_OBJC_MSGSEND = YES;
				ENABLE_USER_SCRIPT_SANDBOXING = YES;
				GCC_C_LANGUAGE_STANDARD = gnu17;
				GCC_NO_COMMON_BLOCKS = YES;
				GCC_WARN_64_TO_32_BIT_CONVERSION = YES;
				GCC_WARN_ABOUT_RETURN_TYPE = YES_ERROR;
				GCC_WARN_UNDECLARED_SELECTOR = YES;
				GCC_WARN_UNINITIALIZED_AUTOS = YES_AGGRESSIVE;
				GCC_WARN_UNUSED_FUNCTION = YES;
				GCC_WARN_UNUSED_VARIABLE = YES;
				LOCALIZATION_PREFERS_STRING_CATALOGS = YES;
				MTL_ENABLE_DEBUG_INFO = NO;
				MTL_FAST_MATH = YES;
				SWIFT_COMPILATION_MODE = wholemodule;
			};
			name = Release;
		};
		408491742B5868B400F42274 /* Debug */ = {
			isa = XCBuildConfiguration;
			buildSettings = {
				ASSETCATALOG_COMPILER_APPICON_NAME = AppIcon;
				ASSETCATALOG_COMPILER_GLOBAL_ACCENT_COLOR_NAME = AccentColor;
				CODE_SIGN_ENTITLEMENTS = FirstTracks/FirstTracks.entitlements;
				CODE_SIGN_STYLE = Automatic;
				CURRENT_PROJECT_VERSION = 1;
				DEVELOPMENT_ASSET_PATHS = "\"FirstTracks/Preview Content\"";
				DEVELOPMENT_TEAM = P5CMMG53U6;
				ENABLE_HARDENED_RUNTIME = YES;
				ENABLE_PREVIEWS = YES;
				GENERATE_INFOPLIST_FILE = YES;
				INFOPLIST_FILE = FirstTracks/Info.plist;
				"INFOPLIST_KEY_UIApplicationSceneManifest_Generation[sdk=iphoneos*]" = YES;
				"INFOPLIST_KEY_UIApplicationSceneManifest_Generation[sdk=iphonesimulator*]" = YES;
				"INFOPLIST_KEY_UIApplicationSupportsIndirectInputEvents[sdk=iphoneos*]" = YES;
				"INFOPLIST_KEY_UIApplicationSupportsIndirectInputEvents[sdk=iphonesimulator*]" = YES;
				"INFOPLIST_KEY_UILaunchScreen_Generation[sdk=iphoneos*]" = YES;
				"INFOPLIST_KEY_UILaunchScreen_Generation[sdk=iphonesimulator*]" = YES;
				"INFOPLIST_KEY_UIStatusBarStyle[sdk=iphoneos*]" = UIStatusBarStyleDefault;
				"INFOPLIST_KEY_UIStatusBarStyle[sdk=iphonesimulator*]" = UIStatusBarStyleDefault;
				INFOPLIST_KEY_UISupportedInterfaceOrientations_iPad = "UIInterfaceOrientationPortrait UIInterfaceOrientationPortraitUpsideDown UIInterfaceOrientationLandscapeLeft UIInterfaceOrientationLandscapeRight";
				INFOPLIST_KEY_UISupportedInterfaceOrientations_iPhone = "UIInterfaceOrientationPortrait UIInterfaceOrientationLandscapeLeft UIInterfaceOrientationLandscapeRight";
				IPHONEOS_DEPLOYMENT_TARGET = 17.0;
				LD_RUNPATH_SEARCH_PATHS = "@executable_path/Frameworks";
				"LD_RUNPATH_SEARCH_PATHS[sdk=macosx*]" = "@executable_path/../Frameworks";
				MACOSX_DEPLOYMENT_TARGET = 14.0;
				MARKETING_VERSION = 1.0;
				PRODUCT_BUNDLE_IDENTIFIER = com.wrighte.FirstTracks;
				PRODUCT_NAME = "$(TARGET_NAME)";
				SDKROOT = auto;
				SUPPORTED_PLATFORMS = "iphoneos iphonesimulator";
				SUPPORTS_MACCATALYST = NO;
				SWIFT_EMIT_LOC_STRINGS = YES;
				SWIFT_VERSION = 5.0;
				TARGETED_DEVICE_FAMILY = "1,2";
			};
			name = Debug;
		};
		408491752B5868B400F42274 /* Release */ = {
			isa = XCBuildConfiguration;
			buildSettings = {
				ASSETCATALOG_COMPILER_APPICON_NAME = AppIcon;
				ASSETCATALOG_COMPILER_GLOBAL_ACCENT_COLOR_NAME = AccentColor;
				CODE_SIGN_ENTITLEMENTS = FirstTracks/FirstTracks.entitlements;
				CODE_SIGN_STYLE = Automatic;
				CURRENT_PROJECT_VERSION = 1;
				DEVELOPMENT_ASSET_PATHS = "\"FirstTracks/Preview Content\"";
				DEVELOPMENT_TEAM = P5CMMG53U6;
				ENABLE_HARDENED_RUNTIME = YES;
				ENABLE_PREVIEWS = YES;
				GENERATE_INFOPLIST_FILE = YES;
				INFOPLIST_FILE = FirstTracks/Info.plist;
				"INFOPLIST_KEY_UIApplicationSceneManifest_Generation[sdk=iphoneos*]" = YES;
				"INFOPLIST_KEY_UIApplicationSceneManifest_Generation[sdk=iphonesimulator*]" = YES;
				"INFOPLIST_KEY_UIApplicationSupportsIndirectInputEvents[sdk=iphoneos*]" = YES;
				"INFOPLIST_KEY_UIApplicationSupportsIndirectInputEvents[sdk=iphonesimulator*]" = YES;
				"INFOPLIST_KEY_UILaunchScreen_Generation[sdk=iphoneos*]" = YES;
				"INFOPLIST_KEY_UILaunchScreen_Generation[sdk=iphonesimulator*]" = YES;
				"INFOPLIST_KEY_UIStatusBarStyle[sdk=iphoneos*]" = UIStatusBarStyleDefault;
				"INFOPLIST_KEY_UIStatusBarStyle[sdk=iphonesimulator*]" = UIStatusBarStyleDefault;
				INFOPLIST_KEY_UISupportedInterfaceOrientations_iPad = "UIInterfaceOrientationPortrait UIInterfaceOrientationPortraitUpsideDown UIInterfaceOrientationLandscapeLeft UIInterfaceOrientationLandscapeRight";
				INFOPLIST_KEY_UISupportedInterfaceOrientations_iPhone = "UIInterfaceOrientationPortrait UIInterfaceOrientationLandscapeLeft UIInterfaceOrientationLandscapeRight";
				IPHONEOS_DEPLOYMENT_TARGET = 17.0;
				LD_RUNPATH_SEARCH_PATHS = "@executable_path/Frameworks";
				"LD_RUNPATH_SEARCH_PATHS[sdk=macosx*]" = "@executable_path/../Frameworks";
				MACOSX_DEPLOYMENT_TARGET = 14.0;
				MARKETING_VERSION = 1.0;
				PRODUCT_BUNDLE_IDENTIFIER = com.wrighte.FirstTracks;
				PRODUCT_NAME = "$(TARGET_NAME)";
				SDKROOT = auto;
				SUPPORTED_PLATFORMS = "iphoneos iphonesimulator";
				SUPPORTS_MACCATALYST = NO;
				SWIFT_EMIT_LOC_STRINGS = YES;
				SWIFT_VERSION = 5.0;
				TARGETED_DEVICE_FAMILY = "1,2";
			};
			name = Release;
		};
		408491772B5868B400F42274 /* Debug */ = {
			isa = XCBuildConfiguration;
			buildSettings = {
				ALWAYS_EMBED_SWIFT_STANDARD_LIBRARIES = YES;
				BUNDLE_LOADER = "$(TEST_HOST)";
				CODE_SIGN_STYLE = Automatic;
				CURRENT_PROJECT_VERSION = 1;
				DEVELOPMENT_TEAM = 6VTSX44YHP;
				GENERATE_INFOPLIST_FILE = YES;
				IPHONEOS_DEPLOYMENT_TARGET = 17.0;
				MACOSX_DEPLOYMENT_TARGET = 14.0;
				MARKETING_VERSION = 1.0;
				PRODUCT_BUNDLE_IDENTIFIER = com.wrighte.FirstTracksTests;
				PRODUCT_NAME = "$(TARGET_NAME)";
				SDKROOT = auto;
				SUPPORTED_PLATFORMS = "iphoneos iphonesimulator macosx";
				SWIFT_EMIT_LOC_STRINGS = NO;
				SWIFT_VERSION = 5.0;
				TARGETED_DEVICE_FAMILY = "1,2";
				TEST_HOST = "$(BUILT_PRODUCTS_DIR)/FirstTracks.app/$(BUNDLE_EXECUTABLE_FOLDER_PATH)/FirstTracks";
			};
			name = Debug;
		};
		408491782B5868B400F42274 /* Release */ = {
			isa = XCBuildConfiguration;
			buildSettings = {
				ALWAYS_EMBED_SWIFT_STANDARD_LIBRARIES = YES;
				BUNDLE_LOADER = "$(TEST_HOST)";
				CODE_SIGN_STYLE = Automatic;
				CURRENT_PROJECT_VERSION = 1;
				DEVELOPMENT_TEAM = 6VTSX44YHP;
				GENERATE_INFOPLIST_FILE = YES;
				IPHONEOS_DEPLOYMENT_TARGET = 17.0;
				MACOSX_DEPLOYMENT_TARGET = 14.0;
				MARKETING_VERSION = 1.0;
				PRODUCT_BUNDLE_IDENTIFIER = com.wrighte.FirstTracksTests;
				PRODUCT_NAME = "$(TARGET_NAME)";
				SDKROOT = auto;
				SUPPORTED_PLATFORMS = "iphoneos iphonesimulator macosx";
				SWIFT_EMIT_LOC_STRINGS = NO;
				SWIFT_VERSION = 5.0;
				TARGETED_DEVICE_FAMILY = "1,2";
				TEST_HOST = "$(BUILT_PRODUCTS_DIR)/FirstTracks.app/$(BUNDLE_EXECUTABLE_FOLDER_PATH)/FirstTracks";
			};
			name = Release;
		};
		4084917A2B5868B400F42274 /* Debug */ = {
			isa = XCBuildConfiguration;
			buildSettings = {
				ALWAYS_EMBED_SWIFT_STANDARD_LIBRARIES = YES;
				CODE_SIGN_STYLE = Automatic;
				CURRENT_PROJECT_VERSION = 1;
				DEVELOPMENT_TEAM = 6VTSX44YHP;
				GENERATE_INFOPLIST_FILE = YES;
				IPHONEOS_DEPLOYMENT_TARGET = 17.0;
				MACOSX_DEPLOYMENT_TARGET = 14.0;
				MARKETING_VERSION = 1.0;
				PRODUCT_BUNDLE_IDENTIFIER = com.wrighte.FirstTracksUITests;
				PRODUCT_NAME = "$(TARGET_NAME)";
				SDKROOT = auto;
				SUPPORTED_PLATFORMS = "iphoneos iphonesimulator macosx";
				SWIFT_EMIT_LOC_STRINGS = NO;
				SWIFT_VERSION = 5.0;
				TARGETED_DEVICE_FAMILY = "1,2";
				TEST_TARGET_NAME = FirstTracks;
			};
			name = Debug;
		};
		4084917B2B5868B400F42274 /* Release */ = {
			isa = XCBuildConfiguration;
			buildSettings = {
				ALWAYS_EMBED_SWIFT_STANDARD_LIBRARIES = YES;
				CODE_SIGN_STYLE = Automatic;
				CURRENT_PROJECT_VERSION = 1;
				DEVELOPMENT_TEAM = 6VTSX44YHP;
				GENERATE_INFOPLIST_FILE = YES;
				IPHONEOS_DEPLOYMENT_TARGET = 17.0;
				MACOSX_DEPLOYMENT_TARGET = 14.0;
				MARKETING_VERSION = 1.0;
				PRODUCT_BUNDLE_IDENTIFIER = com.wrighte.FirstTracksUITests;
				PRODUCT_NAME = "$(TARGET_NAME)";
				SDKROOT = auto;
				SUPPORTED_PLATFORMS = "iphoneos iphonesimulator macosx";
				SWIFT_EMIT_LOC_STRINGS = NO;
				SWIFT_VERSION = 5.0;
				TARGETED_DEVICE_FAMILY = "1,2";
				TEST_TARGET_NAME = FirstTracks;
			};
			name = Release;
		};
/* End XCBuildConfiguration section */

/* Begin XCConfigurationList section */
		408491492B5868B300F42274 /* Build configuration list for PBXProject "FirstTracks" */ = {
			isa = XCConfigurationList;
			buildConfigurations = (
				408491712B5868B400F42274 /* Debug */,
				408491722B5868B400F42274 /* Release */,
			);
			defaultConfigurationIsVisible = 0;
			defaultConfigurationName = Release;
		};
		408491732B5868B400F42274 /* Build configuration list for PBXNativeTarget "FirstTracks" */ = {
			isa = XCConfigurationList;
			buildConfigurations = (
				408491742B5868B400F42274 /* Debug */,
				408491752B5868B400F42274 /* Release */,
			);
			defaultConfigurationIsVisible = 0;
			defaultConfigurationName = Release;
		};
		408491762B5868B400F42274 /* Build configuration list for PBXNativeTarget "FirstTracksTests" */ = {
			isa = XCConfigurationList;
			buildConfigurations = (
				408491772B5868B400F42274 /* Debug */,
				408491782B5868B400F42274 /* Release */,
			);
			defaultConfigurationIsVisible = 0;
			defaultConfigurationName = Release;
		};
		408491792B5868B400F42274 /* Build configuration list for PBXNativeTarget "FirstTracksUITests" */ = {
			isa = XCConfigurationList;
			buildConfigurations = (
				4084917A2B5868B400F42274 /* Debug */,
				4084917B2B5868B400F42274 /* Release */,
			);
			defaultConfigurationIsVisible = 0;
			defaultConfigurationName = Release;
		};
/* End XCConfigurationList section */

/* Begin XCRemoteSwiftPackageReference section */
		406387C62B58C56D00B72D1B /* XCRemoteSwiftPackageReference "firebase-ios-sdk" */ = {
			isa = XCRemoteSwiftPackageReference;
			repositoryURL = "https://github.com/firebase/firebase-ios-sdk.git";
			requirement = {
				kind = upToNextMajorVersion;
				minimumVersion = 10.20.0;
			};
		};
		406387CF2B58C66D00B72D1B /* XCRemoteSwiftPackageReference "GoogleSignIn-iOS" */ = {
			isa = XCRemoteSwiftPackageReference;
			repositoryURL = "https://github.com/google/GoogleSignIn-iOS";
			requirement = {
				kind = upToNextMajorVersion;
				minimumVersion = 7.0.0;
			};
		};
/* End XCRemoteSwiftPackageReference section */

/* Begin XCSwiftPackageProductDependency section */
		406387C72B58C56D00B72D1B /* FirebaseAuth */ = {
			isa = XCSwiftPackageProductDependency;
			package = 406387C62B58C56D00B72D1B /* XCRemoteSwiftPackageReference "firebase-ios-sdk" */;
			productName = FirebaseAuth;
		};
		406387C92B58C56D00B72D1B /* FirebaseDatabase */ = {
			isa = XCSwiftPackageProductDependency;
			package = 406387C62B58C56D00B72D1B /* XCRemoteSwiftPackageReference "firebase-ios-sdk" */;
			productName = FirebaseDatabase;
		};
		406387CB2B58C56D00B72D1B /* FirebaseFirestore */ = {
			isa = XCSwiftPackageProductDependency;
			package = 406387C62B58C56D00B72D1B /* XCRemoteSwiftPackageReference "firebase-ios-sdk" */;
			productName = FirebaseFirestore;
		};
		406387CD2B58C56D00B72D1B /* FirebaseFirestoreSwift */ = {
			isa = XCSwiftPackageProductDependency;
			package = 406387C62B58C56D00B72D1B /* XCRemoteSwiftPackageReference "firebase-ios-sdk" */;
			productName = FirebaseFirestoreSwift;
		};
		406387D02B58C66D00B72D1B /* GoogleSignIn */ = {
			isa = XCSwiftPackageProductDependency;
			package = 406387CF2B58C66D00B72D1B /* XCRemoteSwiftPackageReference "GoogleSignIn-iOS" */;
			productName = GoogleSignIn;
		};
		406387D22B58C66D00B72D1B /* GoogleSignInSwift */ = {
			isa = XCSwiftPackageProductDependency;
			package = 406387CF2B58C66D00B72D1B /* XCRemoteSwiftPackageReference "GoogleSignIn-iOS" */;
			productName = GoogleSignInSwift;
		};
/* End XCSwiftPackageProductDependency section */
	};
	rootObject = 408491462B5868B300F42274 /* Project object */;
}
